Microsoft Visual Studio Solution File, Format Version 12.00
# Visual Studio Version 16
VisualStudioVersion = 16.0.0.0
MinimumVisualStudioVersion = 16.0.0.0
Project("{9A19103F-16F7-4668-BE54-9A1E7A4F7556}") = "Alvtime.Adminpanel.Server", "Server\Alvtime.Adminpanel.Server.csproj", "{AAD5A035-E44D-4B3A-83E2-A6B75F240140}"
EndProject
Project("{9A19103F-16F7-4668-BE54-9A1E7A4F7556}") = "Alvtime.Adminpanel.Client", "Client\Alvtime.Adminpanel.Client.csproj", "{9E840CCC-0A62-4830-96C2-393263F33F33}"
EndProject
Project("{9A19103F-16F7-4668-BE54-9A1E7A4F7556}") = "Alvtime.Adminpanel.Shared", "Shared\Alvtime.Adminpanel.Shared.csproj", "{FC90C7AC-7E0F-4BDB-AC27-BF3BEFD278F0}"
EndProject
Global
	GlobalSection(SolutionConfigurationPlatforms) = preSolution
		Debug|Any CPU = Debug|Any CPU
		Debug|x64 = Debug|x64
		Debug|x86 = Debug|x86
		Release|Any CPU = Release|Any CPU
		Release|x64 = Release|x64
		Release|x86 = Release|x86
	EndGlobalSection
	GlobalSection(ProjectConfigurationPlatforms) = postSolution
		{9E840CCC-0A62-4830-96C2-393263F33F33}.Debug|Any CPU.ActiveCfg = Debug|Any CPU
		{9E840CCC-0A62-4830-96C2-393263F33F33}.Debug|Any CPU.Build.0 = Debug|Any CPU
		{9E840CCC-0A62-4830-96C2-393263F33F33}.Debug|x64.ActiveCfg = Debug|Any CPU
		{9E840CCC-0A62-4830-96C2-393263F33F33}.Debug|x64.Build.0 = Debug|Any CPU
		{9E840CCC-0A62-4830-96C2-393263F33F33}.Debug|x86.ActiveCfg = Debug|Any CPU
		{9E840CCC-0A62-4830-96C2-393263F33F33}.Debug|x86.Build.0 = Debug|Any CPU
		{9E840CCC-0A62-4830-96C2-393263F33F33}.Release|Any CPU.ActiveCfg = Release|Any CPU
		{9E840CCC-0A62-4830-96C2-393263F33F33}.Release|Any CPU.Build.0 = Release|Any CPU
		{9E840CCC-0A62-4830-96C2-393263F33F33}.Release|x64.ActiveCfg = Release|Any CPU
		{9E840CCC-0A62-4830-96C2-393263F33F33}.Release|x64.Build.0 = Release|Any CPU
		{9E840CCC-0A62-4830-96C2-393263F33F33}.Release|x86.ActiveCfg = Release|Any CPU
		{9E840CCC-0A62-4830-96C2-393263F33F33}.Release|x86.Build.0 = Release|Any CPU
		{AAD5A035-E44D-4B3A-83E2-A6B75F240140}.Debug|Any CPU.ActiveCfg = Debug|Any CPU
		{AAD5A035-E44D-4B3A-83E2-A6B75F240140}.Debug|Any CPU.Build.0 = Debug|Any CPU
		{AAD5A035-E44D-4B3A-83E2-A6B75F240140}.Debug|x64.ActiveCfg = Debug|Any CPU
		{AAD5A035-E44D-4B3A-83E2-A6B75F240140}.Debug|x64.Build.0 = Debug|Any CPU
		{AAD5A035-E44D-4B3A-83E2-A6B75F240140}.Debug|x86.ActiveCfg = Debug|Any CPU
		{AAD5A035-E44D-4B3A-83E2-A6B75F240140}.Debug|x86.Build.0 = Debug|Any CPU
		{AAD5A035-E44D-4B3A-83E2-A6B75F240140}.Release|Any CPU.ActiveCfg = Release|Any CPU
		{AAD5A035-E44D-4B3A-83E2-A6B75F240140}.Release|Any CPU.Build.0 = Release|Any CPU
		{AAD5A035-E44D-4B3A-83E2-A6B75F240140}.Release|x64.ActiveCfg = Release|Any CPU
		{AAD5A035-E44D-4B3A-83E2-A6B75F240140}.Release|x64.Build.0 = Release|Any CPU
		{AAD5A035-E44D-4B3A-83E2-A6B75F240140}.Release|x86.ActiveCfg = Release|Any CPU
		{AAD5A035-E44D-4B3A-83E2-A6B75F240140}.Release|x86.Build.0 = Release|Any CPU
		{FC90C7AC-7E0F-4BDB-AC27-BF3BEFD278F0}.Debug|Any CPU.ActiveCfg = Debug|Any CPU
		{FC90C7AC-7E0F-4BDB-AC27-BF3BEFD278F0}.Debug|Any CPU.Build.0 = Debug|Any CPU
		{FC90C7AC-7E0F-4BDB-AC27-BF3BEFD278F0}.Debug|x64.ActiveCfg = Debug|Any CPU
		{FC90C7AC-7E0F-4BDB-AC27-BF3BEFD278F0}.Debug|x64.Build.0 = Debug|Any CPU
		{FC90C7AC-7E0F-4BDB-AC27-BF3BEFD278F0}.Debug|x86.ActiveCfg = Debug|Any CPU
		{FC90C7AC-7E0F-4BDB-AC27-BF3BEFD278F0}.Debug|x86.Build.0 = Debug|Any CPU
		{FC90C7AC-7E0F-4BDB-AC27-BF3BEFD278F0}.Release|Any CPU.ActiveCfg = Release|Any CPU
		{FC90C7AC-7E0F-4BDB-AC27-BF3BEFD278F0}.Release|Any CPU.Build.0 = Release|Any CPU
		{FC90C7AC-7E0F-4BDB-AC27-BF3BEFD278F0}.Release|x64.ActiveCfg = Release|Any CPU
		{FC90C7AC-7E0F-4BDB-AC27-BF3BEFD278F0}.Release|x64.Build.0 = Release|Any CPU
		{FC90C7AC-7E0F-4BDB-AC27-BF3BEFD278F0}.Release|x86.ActiveCfg = Release|Any CPU
		{FC90C7AC-7E0F-4BDB-AC27-BF3BEFD278F0}.Release|x86.Build.0 = Release|Any CPU
	EndGlobalSection
	GlobalSection(SolutionProperties) = preSolution
		HideSolutionNode = FALSE
	EndGlobalSection
	GlobalSection(ExtensibilityGlobals) = postSolution
		SolutionGuid = {34B12CF9-6CCF-4891-99AD-21D68E2AC5E0}
	EndGlobalSection
EndGlobal